
Microsoft Visual Studio Solution File, Format Version 12.00
# Visual Studio Version 16
VisualStudioVersion = 16.0.30517.126
MinimumVisualStudioVersion = 10.0.40219.1
Project("{FAE04EC0-301F-11D3-BF4B-00C04F79EFBC}") = "DirectoriesandFiles", "DirectoriesandFiles\DirectoriesandFiles.csproj", "{B4FA3DE5-4E23-47A5-A20F-30AA2D6BE4A3}"
EndProject
Project("{FAE04EC0-301F-11D3-BF4B-00C04F79EFBC}") = "WriteFilesAnDirectories", "WriteFilesAnDirectories\WriteFilesAnDirectories.csproj", "{84D036B6-7D30-4138-BD2F-D0B08E59BAB3}"
EndProject
Global
	GlobalSection(SolutionConfigurationPlatforms) = preSolution
		Debug|Any CPU = Debug|Any CPU
		Release|Any CPU = Release|Any CPU
	EndGlobalSection
	GlobalSection(ProjectConfigurationPlatforms) = postSolution
		{B4FA3DE5-4E23-47A5-A20F-30AA2D6BE4A3}.Debug|Any CPU.ActiveCfg = Debug|Any CPU
		{B4FA3DE5-4E23-47A5-A20F-30AA2D6BE4A3}.Debug|Any CPU.Build.0 = Debug|Any CPU
		{B4FA3DE5-4E23-47A5-A20F-30AA2D6BE4A3}.Release|Any CPU.ActiveCfg = Release|Any CPU
		{B4FA3DE5-4E23-47A5-A20F-30AA2D6BE4A3}.Release|Any CPU.Build.0 = Release|Any CPU
		{84D036B6-7D30-4138-BD2F-D0B08E59BAB3}.Debug|Any CPU.ActiveCfg = Debug|Any CPU
		{84D036B6-7D30-4138-BD2F-D0B08E59BAB3}.Debug|Any CPU.Build.0 = Debug|Any CPU
		{84D036B6-7D30-4138-BD2F-D0B08E59BAB3}.Release|Any CPU.ActiveCfg = Release|Any CPU
		{84D036B6-7D30-4138-BD2F-D0B08E59BAB3}.Release|Any CPU.Build.0 = Release|Any CPU
	EndGlobalSection
	GlobalSection(SolutionProperties) = preSolution
		HideSolutionNode = FALSE
	EndGlobalSection
	GlobalSection(ExtensibilityGlobals) = postSolution
		SolutionGuid = {8391BDED-2A38-4F05-B00E-BFB9AC8FE8A0}
	EndGlobalSection
EndGlobal
